{
  "name": "jobmaster-backend",
  "lockfileVersion": 3,
  "requires": true,
  "packages": {
    "": {
      "devDependencies": {
        "daisyui": "^5.7.23"
      }
    },
    "node_modules/daisyui": {
      "version": "5.7.23",
      "resolved": "https://registry.npmjs.org/daisyui/-/daisyui-5.7.23.tgz",
      "integrity": "sha512-Jp5VuhfpLz9zLGEB1VTZFTSAcUn02qMazb55RSciY7V4xQgmzYm3Af160gkQc3OnMVfDUwnQXvwu4O4MwoK1NQ==",
      "dev": true,
      "license": "MIT",
      "funding": {
        "url": "https://github.com/saadeghi/daisyui?sponsor=1"
      }
    }
  }
}
